{
  "requires": true,
  "lockfileVersion": 1,
  "dependencies": {
    "@google/3dom": {
      "version": "0.0.1-alpha.5",
      "resolved": "https://registry.npmjs.org/@google/3dom/-/3dom-0.0.1-alpha.5.tgz",
      "integrity": "sha512-+ERddaAE2k/McrKZOdD3AgqJgTqereqEopw9rmoup5kLju/8q/n85FugU9HQIUnIGCW31BIFOnkQ/O2d5yrT6w==",
      "requires": {
        "three": "^0.117.1"
      }
    },
    "@google/model-viewer": {
      "version": "1.0.0",
      "resolved": "https://registry.npmjs.org/@google/model-viewer/-/model-viewer-1.0.0.tgz",
      "integrity": "sha512-wpT49flVEqMOJLBRblmDZnSXPK2EPvK/hHTyD+AYXVS9o+skxPH+6Yn6WXE6fqavA8xzmy/0AJGQXYah3RN2LQ==",
      "requires": {
        "@google/3dom": "0.0.1-alpha.5",
        "@types/resize-observer-browser": "^0.1.2",
        "lit-element": "^2.2.0",
        "three": "^0.117.1"
      }
    },
    "@types/resize-observer-browser": {
      "version": "0.1.3",
      "resolved": "https://registry.npmjs.org/@types/resize-observer-browser/-/resize-observer-browser-0.1.3.tgz",
      "integrity": "sha512-3tGjLIDH8L57fWOfC7NVn/BbGQD7pXwbkk2+8Z4hK/S7kOIv1MUN4nkKjfx0qg4ctkukjzp3Bgr/Z+Hq5ZQZTQ=="
    },
    "js-3d-model-viewer": {
      "version": "0.1.5",
      "resolved": "https://registry.npmjs.org/js-3d-model-viewer/-/js-3d-model-viewer-0.1.5.tgz",
      "integrity": "sha512-HpBMUi9NUSIoa2gzm8OM1BTt7o2RBgJRja+D1xMSeHK1IBH42NIztQXXmb0czHIirPjZrq7GID51cM6D+X0scQ==",
      "requires": {
        "three": "0.94.0",
        "three-obj-mtl-loader": "1.0.3",
        "three-orbit-controls": "82.1.0"
      },
      "dependencies": {
        "three": {
          "version": "0.94.0",
          "resolved": "https://registry.npmjs.org/three/-/three-0.94.0.tgz",
          "integrity": "sha1-TObbfyv795wtc0RKpuPPwIoy12I="
        }
      }
    },
    "lit-element": {
      "version": "2.3.1",
      "resolved": "https://registry.npmjs.org/lit-element/-/lit-element-2.3.1.tgz",
      "integrity": "sha512-tOcUAmeO3BzwiQ7FGWdsshNvC0HVHcTFYw/TLIImmKwXYoV0E7zCBASa8IJ7DiP4cen/Yoj454gS0qqTnIGsFA==",
      "requires": {
        "lit-html": "^1.1.1"
      }
    },
    "lit-html": {
      "version": "1.2.1",
      "resolved": "https://registry.npmjs.org/lit-html/-/lit-html-1.2.1.tgz",
      "integrity": "sha512-GSJHHXMGLZDzTRq59IUfL9FCdAlGfqNp/dEa7k7aBaaWD+JKaCjsAk9KYm2V12ItonVaYx2dprN66Zdm1AuBTQ=="
    },
    "three": {
      "version": "0.117.1",
      "resolved": "https://registry.npmjs.org/three/-/three-0.117.1.tgz",
      "integrity": "sha512-t4zeJhlNzUIj9+ub0l6nICVimSuRTZJOqvk3Rmlu+YGdTOJ49Wna8p7aumpkXJakJfITiybfpYE1XN1o1Z34UQ=="
    },
    "three-obj-mtl-loader": {
      "version": "1.0.3",
      "resolved": "https://registry.npmjs.org/three-obj-mtl-loader/-/three-obj-mtl-loader-1.0.3.tgz",
      "integrity": "sha512-0z7BfyG6vYPY9RvxJvL4rq8PbNrF42Kn4zxeqTfeDzJN++2oKbtCQhxHs5vLULnDuCRTEyDFf5TYvO+1vnJ7KQ=="
    },
    "three-orbit-controls": {
      "version": "82.1.0",
      "resolved": "https://registry.npmjs.org/three-orbit-controls/-/three-orbit-controls-82.1.0.tgz",
      "integrity": "sha1-EafzPQog7OyY8Jizd4D2U3N0+rQ="
    }
  }
}
